
Microsoft Visual Studio Solution File, Format Version 12.00
# Visual Studio Version 17
VisualStudioVersion = 17.4.33213.308
MinimumVisualStudioVersion = 10.0.40219.1
Project("{FAE04EC0-301F-11D3-BF4B-00C04F79EFBC}") = "ExercicioResolvido01", "ExercicioResolvido01\ExercicioResolvido01.csproj", "{4B9246B7-4E0B-4E4A-BF13-F29912D8C93E}"
EndProject
Global
	GlobalSection(SolutionConfigurationPlatforms) = preSolution
		Debug|Any CPU = Debug|Any CPU
		Release|Any CPU = Release|Any CPU
	EndGlobalSection
	GlobalSection(ProjectConfigurationPlatforms) = postSolution
		{4B9246B7-4E0B-4E4A-BF13-F29912D8C93E}.Debug|Any CPU.ActiveCfg = Debug|Any CPU
		{4B9246B7-4E0B-4E4A-BF13-F29912D8C93E}.Debug|Any CPU.Build.0 = Debug|Any CPU
		{4B9246B7-4E0B-4E4A-BF13-F29912D8C93E}.Release|Any CPU.ActiveCfg = Release|Any CPU
		{4B9246B7-4E0B-4E4A-BF13-F29912D8C93E}.Release|Any CPU.Build.0 = Release|Any CPU
	EndGlobalSection
	GlobalSection(SolutionProperties) = preSolution
		HideSolutionNode = FALSE
	EndGlobalSection
	GlobalSection(ExtensibilityGlobals) = postSolution
		SolutionGuid = {9E349987-1AD4-48F0-BAE5-2AA2EDB245F5}
	EndGlobalSection
EndGlobal
